
Microsoft Visual Studio Solution File, Format Version 12.00
# Visual Studio Version 16
VisualStudioVersion = 16.0.30711.63
MinimumVisualStudioVersion = 10.0.40219.1
Project("{FAE04EC0-301F-11D3-BF4B-00C04F79EFBC}") = "Calculator", "Calculator\Calculator.csproj", "{32247034-1DA9-4A8F-BE1F-21967F6D54FB}"
EndProject
Global
	GlobalSection(SolutionConfigurationPlatforms) = preSolution
		Debug|Any CPU = Debug|Any CPU
		Release|Any CPU = Release|Any CPU
	EndGlobalSection
	GlobalSection(ProjectConfigurationPlatforms) = postSolution
		{32247034-1DA9-4A8F-BE1F-21967F6D54FB}.Debug|Any CPU.ActiveCfg = Debug|Any CPU
		{32247034-1DA9-4A8F-BE1F-21967F6D54FB}.Debug|Any CPU.Build.0 = Debug|Any CPU
		{32247034-1DA9-4A8F-BE1F-21967F6D54FB}.Release|Any CPU.ActiveCfg = Release|Any CPU
		{32247034-1DA9-4A8F-BE1F-21967F6D54FB}.Release|Any CPU.Build.0 = Release|Any CPU
	EndGlobalSection
	GlobalSection(SolutionProperties) = preSolution
		HideSolutionNode = FALSE
	EndGlobalSection
	GlobalSection(ExtensibilityGlobals) = postSolution
		SolutionGuid = {AACFF3FB-5644-4B6A-8964-24DF4836AF58}
	EndGlobalSection
EndGlobal
